Microsoft Visual Studio Solution File, Format Version 12.00
# Visual Studio 15
VisualStudioVersion = 15.0.27130.2036
MinimumVisualStudioVersion = 10.0.40219.1
Project("{FAE04EC0-301F-11D3-BF4B-00C04F79EFBC}") = "Demo_NMM.EF.D3.Starter", "Demo_NMM.EF.D3.Starter\Demo_NMM.EF.D3.Starter.csproj", "{56296099-B7A2-4754-939E-0D9F3F811686}"
EndProject
Project("{FAE04EC0-301F-11D3-BF4B-00C04F79EFBC}") = "Demo_NMM.EF.D3.Solution", "Demo_NMM.EF.D3.Solution\Demo_NMM.EF.D3.Solution.csproj", "{881F24AD-2E49-4B61-BC16-4B90AAAF784E}"
EndProject
Global
	GlobalSection(SolutionConfigurationPlatforms) = preSolution
		Debug|Any CPU = Debug|Any CPU
		Release|Any CPU = Release|Any CPU
	EndGlobalSection
	GlobalSection(ProjectConfigurationPlatforms) = postSolution
		{56296099-B7A2-4754-939E-0D9F3F811686}.Debug|Any CPU.ActiveCfg = Debug|Any CPU
		{56296099-B7A2-4754-939E-0D9F3F811686}.Debug|Any CPU.Build.0 = Debug|Any CPU
		{56296099-B7A2-4754-939E-0D9F3F811686}.Release|Any CPU.ActiveCfg = Release|Any CPU
		{56296099-B7A2-4754-939E-0D9F3F811686}.Release|Any CPU.Build.0 = Release|Any CPU
		{881F24AD-2E49-4B61-BC16-4B90AAAF784E}.Debug|Any CPU.ActiveCfg = Debug|Any CPU
		{881F24AD-2E49-4B61-BC16-4B90AAAF784E}.Debug|Any CPU.Build.0 = Debug|Any CPU
		{881F24AD-2E49-4B61-BC16-4B90AAAF784E}.Release|Any CPU.ActiveCfg = Release|Any CPU
		{881F24AD-2E49-4B61-BC16-4B90AAAF784E}.Release|Any CPU.Build.0 = Release|Any CPU
	EndGlobalSection
	GlobalSection(SolutionProperties) = preSolution
		HideSolutionNode = FALSE
	EndGlobalSection
	GlobalSection(ExtensibilityGlobals) = postSolution
		SolutionGuid = {C6460695-D4CC-444A-AD1A-5AE58A09AA98}
	EndGlobalSection
EndGlobal
